
Microsoft Visual Studio Solution File, Format Version 12.00
Project("{FAE04EC0-301F-11D3-BF4B-00C04F79EFBC}") = "Api", "Api\Api.csproj", "{07BD1470-B218-46D4-9D63-5A76D3D872C7}"
EndProject
Project("{2150E333-8FDC-42A3-9474-1A3956D46DE8}") = "SolutionItems", "SolutionItems", "{BBB37295-0EE5-46AA-8D1F-E29BC434D4A3}"
EndProject
Global
	GlobalSection(SolutionConfigurationPlatforms) = preSolution
		Debug|Any CPU = Debug|Any CPU
		Release|Any CPU = Release|Any CPU
	EndGlobalSection
	GlobalSection(ProjectConfigurationPlatforms) = postSolution
		{07BD1470-B218-46D4-9D63-5A76D3D872C7}.Debug|Any CPU.ActiveCfg = Debug|Any CPU
		{07BD1470-B218-46D4-9D63-5A76D3D872C7}.Debug|Any CPU.Build.0 = Debug|Any CPU
		{07BD1470-B218-46D4-9D63-5A76D3D872C7}.Release|Any CPU.ActiveCfg = Release|Any CPU
		{07BD1470-B218-46D4-9D63-5A76D3D872C7}.Release|Any CPU.Build.0 = Release|Any CPU
	EndGlobalSection
EndGlobal
